
Microsoft Visual Studio Solution File, Format Version 12.00
# Visual Studio Version 17
VisualStudioVersion = 17.6.33829.357
MinimumVisualStudioVersion = 10.0.40219.1
Project("{FAE04EC0-301F-11D3-BF4B-00C04F79EFBC}") = "AutoGnome", "AutoGnome\AutoGnome.csproj", "{394229EB-3E9A-4E91-BD07-216861EA432F}"
EndProject
Global
	GlobalSection(SolutionConfigurationPlatforms) = preSolution
		Debug|Any CPU = Debug|Any CPU
		Release|Any CPU = Release|Any CPU
	EndGlobalSection
	GlobalSection(ProjectConfigurationPlatforms) = postSolution
		{394229EB-3E9A-4E91-BD07-216861EA432F}.Debug|Any CPU.ActiveCfg = Debug|Any CPU
		{394229EB-3E9A-4E91-BD07-216861EA432F}.Debug|Any CPU.Build.0 = Debug|Any CPU
		{394229EB-3E9A-4E91-BD07-216861EA432F}.Release|Any CPU.ActiveCfg = Release|Any CPU
		{394229EB-3E9A-4E91-BD07-216861EA432F}.Release|Any CPU.Build.0 = Release|Any CPU
	EndGlobalSection
	GlobalSection(SolutionProperties) = preSolution
		HideSolutionNode = FALSE
	EndGlobalSection
	GlobalSection(ExtensibilityGlobals) = postSolution
		SolutionGuid = {F09FFF08-823C-44CC-BFD9-EBF9F2A03D6F}
	EndGlobalSection
EndGlobal
