
Microsoft Visual Studio Solution File, Format Version 12.00
# Visual Studio Version 17
VisualStudioVersion = 17.6.33829.357
MinimumVisualStudioVersion = 10.0.40219.1
Project("{FAE04EC0-301F-11D3-BF4B-00C04F79EFBC}") = "AutoGnome", "AutoGnome\AutoGnome.csproj", "{47ED5E75-D8FA-40FE-8EA2-C24ACDB89D52}"
EndProject
Global
	GlobalSection(SolutionConfigurationPlatforms) = preSolution
		Debug|Any CPU = Debug|Any CPU
		Release|Any CPU = Release|Any CPU
	EndGlobalSection
	GlobalSection(ProjectConfigurationPlatforms) = postSolution
		{47ED5E75-D8FA-40FE-8EA2-C24ACDB89D52}.Debug|Any CPU.ActiveCfg = Debug|Any CPU
		{47ED5E75-D8FA-40FE-8EA2-C24ACDB89D52}.Debug|Any CPU.Build.0 = Debug|Any CPU
		{47ED5E75-D8FA-40FE-8EA2-C24ACDB89D52}.Release|Any CPU.ActiveCfg = Release|Any CPU
		{47ED5E75-D8FA-40FE-8EA2-C24ACDB89D52}.Release|Any CPU.Build.0 = Release|Any CPU
	EndGlobalSection
	GlobalSection(SolutionProperties) = preSolution
		HideSolutionNode = FALSE
	EndGlobalSection
	GlobalSection(ExtensibilityGlobals) = postSolution
		SolutionGuid = {F09FFF08-823C-44CC-BFD9-EBF9F2A03D6F}
	EndGlobalSection
EndGlobal
